
Microsoft Visual Studio Solution File, Format Version 12.00
# Visual Studio Version 17
VisualStudioVersion = 17.0.31903.59
MinimumVisualStudioVersion = 10.0.40219.1
Project("{FAE04EC0-301F-11D3-BF4B-00C04F79EFBC}") = "Kiriha", "src\Kiriha\Kiriha.csproj", "{C28B8513-6FA5-4D99-9A36-B2BE0FCC7613}"
EndProject
Project("{2150E333-8FDC-42A3-9474-1A3956D46DE8}") = "tests", "tests", "{0AB3BF05-4346-4AA6-1389-037BE0695223}"
EndProject
Project("{FAE04EC0-301F-11D3-BF4B-00C04F79EFBC}") = "Kiriha.Tests", "tests\Kiriha.Tests\Kiriha.Tests.csproj", "{45838E28-30FF-4ABE-9426-35C039635338}"
EndProject
Project("{2150E333-8FDC-42A3-9474-1A3956D46DE8}") = "src", "src", "{827E0CD3-B72D-47B6-A68D-7590B98EB39B}"
EndProject
Project("{FAE04EC0-301F-11D3-BF4B-00C04F79EFBC}") = "Kiriha.Data", "src\Kiriha.Data\Kiriha.Data.csproj", "{084D28A6-F860-4A4A-ABE7-8F4C4B946132}"
EndProject
Project("{FAE04EC0-301F-11D3-BF4B-00C04F79EFBC}") = "Kiriha.Core.Abstractions", "src\Kiriha.Core.Abstractions\Kiriha.Core.Abstractions.csproj", "{C9F2889E-B305-4DAD-B5E9-2307E7C60B71}"
EndProject
Project("{FAE04EC0-301F-11D3-BF4B-00C04F79EFBC}") = "Kiriha.Core.Tracking", "src\Kiriha.Core.Tracking\Kiriha.Core.Tracking.csproj", "{03BBBCF8-A56C-4FA6-A5AE-E3DA17AA2908}"
EndProject
Project("{FAE04EC0-301F-11D3-BF4B-00C04F79EFBC}") = "Kiriha.Core.Domain", "src\Kiriha.Core.Domain\Kiriha.Core.Domain.csproj", "{A6BDF1CD-3EBE-4D94-A21D-EDF97D841675}"
EndProject
Project("{FAE04EC0-301F-11D3-BF4B-00C04F79EFBC}") = "Kiriha.Mpv", "src\Kiriha.Mpv\Kiriha.Mpv.csproj", "{7E3918B5-CC37-4826-96B0-9A1AC2171016}"
EndProject
Project("{FAE04EC0-301F-11D3-BF4B-00C04F79EFBC}") = "Kiriha.Infrastructure", "src\Kiriha.Infrastructure\Kiriha.Infrastructure.csproj", "{B380B706-8408-4D92-81F3-50BDEDD8B526}"
EndProject
Project("{FAE04EC0-301F-11D3-BF4B-00C04F79EFBC}") = "Kiriha.Mpv.UI", "src\Kiriha.Mpv.UI\Kiriha.Mpv.UI.csproj", "{5BE2C900-6397-4E15-82E7-8C2B5D53BF2C}"
EndProject
Project("{FAE04EC0-301F-11D3-BF4B-00C04F79EFBC}") = "Kiriha.Benchmarks", "tests\Kiriha.Benchmarks\Kiriha.Benchmarks.csproj", "{9B4C7D79-6461-42C0-931F-0D0B5FBDD52B}"
EndProject
Global
	GlobalSection(SolutionConfigurationPlatforms) = preSolution
		Debug|Any CPU = Debug|Any CPU
		Debug|x64 = Debug|x64
		Debug|x86 = Debug|x86
		Release|Any CPU = Release|Any CPU
		Release|x64 = Release|x64
		Release|x86 = Release|x86
	EndGlobalSection
	GlobalSection(ProjectConfigurationPlatforms) = postSolution
		{C28B8513-6FA5-4D99-9A36-B2BE0FCC7613}.Debug|Any CPU.ActiveCfg = Debug|Any CPU
		{C28B8513-6FA5-4D99-9A36-B2BE0FCC7613}.Debug|Any CPU.Build.0 = Debug|Any CPU
		{C28B8513-6FA5-4D99-9A36-B2BE0FCC7613}.Debug|x64.ActiveCfg = Debug|Any CPU
		{C28B8513-6FA5-4D99-9A36-B2BE0FCC7613}.Debug|x64.Build.0 = Debug|Any CPU
		{C28B8513-6FA5-4D99-9A36-B2BE0FCC7613}.Debug|x86.ActiveCfg = Debug|Any CPU
		{C28B8513-6FA5-4D99-9A36-B2BE0FCC7613}.Debug|x86.Build.0 = Debug|Any CPU
		{C28B8513-6FA5-4D99-9A36-B2BE0FCC7613}.Release|Any CPU.ActiveCfg = Release|Any CPU
		{C28B8513-6FA5-4D99-9A36-B2BE0FCC7613}.Release|Any CPU.Build.0 = Release|Any CPU
		{C28B8513-6FA5-4D99-9A36-B2BE0FCC7613}.Release|x64.ActiveCfg = Release|Any CPU
		{C28B8513-6FA5-4D99-9A36-B2BE0FCC7613}.Release|x64.Build.0 = Release|Any CPU
		{C28B8513-6FA5-4D99-9A36-B2BE0FCC7613}.Release|x86.ActiveCfg = Release|Any CPU
		{C28B8513-6FA5-4D99-9A36-B2BE0FCC7613}.Release|x86.Build.0 = Release|Any CPU
		{45838E28-30FF-4ABE-9426-35C039635338}.Debug|Any CPU.ActiveCfg = Debug|Any CPU
		{45838E28-30FF-4ABE-9426-35C039635338}.Debug|Any CPU.Build.0 = Debug|Any CPU
		{45838E28-30FF-4ABE-9426-35C039635338}.Debug|x64.ActiveCfg = Debug|Any CPU
		{45838E28-30FF-4ABE-9426-35C039635338}.Debug|x64.Build.0 = Debug|Any CPU
		{45838E28-30FF-4ABE-9426-35C039635338}.Debug|x86.ActiveCfg = Debug|Any CPU
		{45838E28-30FF-4ABE-9426-35C039635338}.Debug|x86.Build.0 = Debug|Any CPU
		{45838E28-30FF-4ABE-9426-35C039635338}.Release|Any CPU.ActiveCfg = Release|Any CPU
		{45838E28-30FF-4ABE-9426-35C039635338}.Release|Any CPU.Build.0 = Release|Any CPU
		{45838E28-30FF-4ABE-9426-35C039635338}.Release|x64.ActiveCfg = Release|Any CPU
		{45838E28-30FF-4ABE-9426-35C039635338}.Release|x64.Build.0 = Release|Any CPU
		{45838E28-30FF-4ABE-9426-35C039635338}.Release|x86.ActiveCfg = Release|Any CPU
		{45838E28-30FF-4ABE-9426-35C039635338}.Release|x86.Build.0 = Release|Any CPU
		{084D28A6-F860-4A4A-ABE7-8F4C4B946132}.Debug|Any CPU.ActiveCfg = Debug|Any CPU
		{084D28A6-F860-4A4A-ABE7-8F4C4B946132}.Debug|Any CPU.Build.0 = Debug|Any CPU
		{084D28A6-F860-4A4A-ABE7-8F4C4B946132}.Debug|x64.ActiveCfg = Debug|Any CPU
		{084D28A6-F860-4A4A-ABE7-8F4C4B946132}.Debug|x64.Build.0 = Debug|Any CPU
		{084D28A6-F860-4A4A-ABE7-8F4C4B946132}.Debug|x86.ActiveCfg = Debug|Any CPU
		{084D28A6-F860-4A4A-ABE7-8F4C4B946132}.Debug|x86.Build.0 = Debug|Any CPU
		{084D28A6-F860-4A4A-ABE7-8F4C4B946132}.Release|Any CPU.ActiveCfg = Release|Any CPU
		{084D28A6-F860-4A4A-ABE7-8F4C4B946132}.Release|Any CPU.Build.0 = Release|Any CPU
		{084D28A6-F860-4A4A-ABE7-8F4C4B946132}.Release|x64.ActiveCfg = Release|Any CPU
		{084D28A6-F860-4A4A-ABE7-8F4C4B946132}.Release|x64.Build.0 = Release|Any CPU
		{084D28A6-F860-4A4A-ABE7-8F4C4B946132}.Release|x86.ActiveCfg = Release|Any CPU
		{084D28A6-F860-4A4A-ABE7-8F4C4B946132}.Release|x86.Build.0 = Release|Any CPU
		{C9F2889E-B305-4DAD-B5E9-2307E7C60B71}.Debug|Any CPU.ActiveCfg = Debug|Any CPU
		{C9F2889E-B305-4DAD-B5E9-2307E7C60B71}.Debug|Any CPU.Build.0 = Debug|Any CPU
		{C9F2889E-B305-4DAD-B5E9-2307E7C60B71}.Debug|x64.ActiveCfg = Debug|Any CPU
		{C9F2889E-B305-4DAD-B5E9-2307E7C60B71}.Debug|x64.Build.0 = Debug|Any CPU
		{C9F2889E-B305-4DAD-B5E9-2307E7C60B71}.Debug|x86.ActiveCfg = Debug|Any CPU
		{C9F2889E-B305-4DAD-B5E9-2307E7C60B71}.Debug|x86.Build.0 = Debug|Any CPU
		{C9F2889E-B305-4DAD-B5E9-2307E7C60B71}.Release|Any CPU.ActiveCfg = Release|Any CPU
		{C9F2889E-B305-4DAD-B5E9-2307E7C60B71}.Release|Any CPU.Build.0 = Release|Any CPU
		{C9F2889E-B305-4DAD-B5E9-2307E7C60B71}.Release|x64.ActiveCfg = Release|Any CPU
		{C9F2889E-B305-4DAD-B5E9-2307E7C60B71}.Release|x64.Build.0 = Release|Any CPU
		{C9F2889E-B305-4DAD-B5E9-2307E7C60B71}.Release|x86.ActiveCfg = Release|Any CPU
		{C9F2889E-B305-4DAD-B5E9-2307E7C60B71}.Release|x86.Build.0 = Release|Any CPU
		{03BBBCF8-A56C-4FA6-A5AE-E3DA17AA2908}.Debug|Any CPU.ActiveCfg = Debug|Any CPU
		{03BBBCF8-A56C-4FA6-A5AE-E3DA17AA2908}.Debug|Any CPU.Build.0 = Debug|Any CPU
		{03BBBCF8-A56C-4FA6-A5AE-E3DA17AA2908}.Debug|x64.ActiveCfg = Debug|Any CPU
		{03BBBCF8-A56C-4FA6-A5AE-E3DA17AA2908}.Debug|x64.Build.0 = Debug|Any CPU
		{03BBBCF8-A56C-4FA6-A5AE-E3DA17AA2908}.Debug|x86.ActiveCfg = Debug|Any CPU
		{03BBBCF8-A56C-4FA6-A5AE-E3DA17AA2908}.Debug|x86.Build.0 = Debug|Any CPU
		{03BBBCF8-A56C-4FA6-A5AE-E3DA17AA2908}.Release|Any CPU.ActiveCfg = Release|Any CPU
		{03BBBCF8-A56C-4FA6-A5AE-E3DA17AA2908}.Release|Any CPU.Build.0 = Release|Any CPU
		{03BBBCF8-A56C-4FA6-A5AE-E3DA17AA2908}.Release|x64.ActiveCfg = Release|Any CPU
		{03BBBCF8-A56C-4FA6-A5AE-E3DA17AA2908}.Release|x64.Build.0 = Release|Any CPU
		{03BBBCF8-A56C-4FA6-A5AE-E3DA17AA2908}.Release|x86.ActiveCfg = Release|Any CPU
		{03BBBCF8-A56C-4FA6-A5AE-E3DA17AA2908}.Release|x86.Build.0 = Release|Any CPU
		{A6BDF1CD-3EBE-4D94-A21D-EDF97D841675}.Debug|Any CPU.ActiveCfg = Debug|Any CPU
		{A6BDF1CD-3EBE-4D94-A21D-EDF97D841675}.Debug|Any CPU.Build.0 = Debug|Any CPU
		{A6BDF1CD-3EBE-4D94-A21D-EDF97D841675}.Debug|x64.ActiveCfg = Debug|Any CPU
		{A6BDF1CD-3EBE-4D94-A21D-EDF97D841675}.Debug|x64.Build.0 = Debug|Any CPU
		{A6BDF1CD-3EBE-4D94-A21D-EDF97D841675}.Debug|x86.ActiveCfg = Debug|Any CPU
		{A6BDF1CD-3EBE-4D94-A21D-EDF97D841675}.Debug|x86.Build.0 = Debug|Any CPU
		{A6BDF1CD-3EBE-4D94-A21D-EDF97D841675}.Release|Any CPU.ActiveCfg = Release|Any CPU
		{A6BDF1CD-3EBE-4D94-A21D-EDF97D841675}.Release|Any CPU.Build.0 = Release|Any CPU
		{A6BDF1CD-3EBE-4D94-A21D-EDF97D841675}.Release|x64.ActiveCfg = Release|Any CPU
		{A6BDF1CD-3EBE-4D94-A21D-EDF97D841675}.Release|x64.Build.0 = Release|Any CPU
		{A6BDF1CD-3EBE-4D94-A21D-EDF97D841675}.Release|x86.ActiveCfg = Release|Any CPU
		{A6BDF1CD-3EBE-4D94-A21D-EDF97D841675}.Release|x86.Build.0 = Release|Any CPU
		{7E3918B5-CC37-4826-96B0-9A1AC2171016}.Debug|Any CPU.ActiveCfg = Debug|Any CPU
		{7E3918B5-CC37-4826-96B0-9A1AC2171016}.Debug|Any CPU.Build.0 = Debug|Any CPU
		{7E3918B5-CC37-4826-96B0-9A1AC2171016}.Debug|x64.ActiveCfg = Debug|Any CPU
		{7E3918B5-CC37-4826-96B0-9A1AC2171016}.Debug|x64.Build.0 = Debug|Any CPU
		{7E3918B5-CC37-4826-96B0-9A1AC2171016}.Debug|x86.ActiveCfg = Debug|Any CPU
		{7E3918B5-CC37-4826-96B0-9A1AC2171016}.Debug|x86.Build.0 = Debug|Any CPU
		{7E3918B5-CC37-4826-96B0-9A1AC2171016}.Release|Any CPU.ActiveCfg = Release|Any CPU
		{7E3918B5-CC37-4826-96B0-9A1AC2171016}.Release|Any CPU.Build.0 = Release|Any CPU
		{7E3918B5-CC37-4826-96B0-9A1AC2171016}.Release|x64.ActiveCfg = Release|Any CPU
		{7E3918B5-CC37-4826-96B0-9A1AC2171016}.Release|x64.Build.0 = Release|Any CPU
		{7E3918B5-CC37-4826-96B0-9A1AC2171016}.Release|x86.ActiveCfg = Release|Any CPU
		{7E3918B5-CC37-4826-96B0-9A1AC2171016}.Release|x86.Build.0 = Release|Any CPU
		{B380B706-8408-4D92-81F3-50BDEDD8B526}.Debug|Any CPU.ActiveCfg = Debug|Any CPU
		{B380B706-8408-4D92-81F3-50BDEDD8B526}.Debug|Any CPU.Build.0 = Debug|Any CPU
		{B380B706-8408-4D92-81F3-50BDEDD8B526}.Debug|x64.ActiveCfg = Debug|Any CPU
		{B380B706-8408-4D92-81F3-50BDEDD8B526}.Debug|x64.Build.0 = Debug|Any CPU
		{B380B706-8408-4D92-81F3-50BDEDD8B526}.Debug|x86.ActiveCfg = Debug|Any CPU
		{B380B706-8408-4D92-81F3-50BDEDD8B526}.Debug|x86.Build.0 = Debug|Any CPU
		{B380B706-8408-4D92-81F3-50BDEDD8B526}.Release|Any CPU.ActiveCfg = Release|Any CPU
		{B380B706-8408-4D92-81F3-50BDEDD8B526}.Release|Any CPU.Build.0 = Release|Any CPU
		{B380B706-8408-4D92-81F3-50BDEDD8B526}.Release|x64.ActiveCfg = Release|Any CPU
		{B380B706-8408-4D92-81F3-50BDEDD8B526}.Release|x64.Build.0 = Release|Any CPU
		{B380B706-8408-4D92-81F3-50BDEDD8B526}.Release|x86.ActiveCfg = Release|Any CPU
		{B380B706-8408-4D92-81F3-50BDEDD8B526}.Release|x86.Build.0 = Release|Any CPU
		{5BE2C900-6397-4E15-82E7-8C2B5D53BF2C}.Debug|Any CPU.ActiveCfg = Debug|Any CPU
		{5BE2C900-6397-4E15-82E7-8C2B5D53BF2C}.Debug|Any CPU.Build.0 = Debug|Any CPU
		{5BE2C900-6397-4E15-82E7-8C2B5D53BF2C}.Debug|x64.ActiveCfg = Debug|Any CPU
		{5BE2C900-6397-4E15-82E7-8C2B5D53BF2C}.Debug|x64.Build.0 = Debug|Any CPU
		{5BE2C900-6397-4E15-82E7-8C2B5D53BF2C}.Debug|x86.ActiveCfg = Debug|Any CPU
		{5BE2C900-6397-4E15-82E7-8C2B5D53BF2C}.Debug|x86.Build.0 = Debug|Any CPU
		{5BE2C900-6397-4E15-82E7-8C2B5D53BF2C}.Release|Any CPU.ActiveCfg = Release|Any CPU
		{5BE2C900-6397-4E15-82E7-8C2B5D53BF2C}.Release|Any CPU.Build.0 = Release|Any CPU
		{5BE2C900-6397-4E15-82E7-8C2B5D53BF2C}.Release|x64.ActiveCfg = Release|Any CPU
		{5BE2C900-6397-4E15-82E7-8C2B5D53BF2C}.Release|x64.Build.0 = Release|Any CPU
		{5BE2C900-6397-4E15-82E7-8C2B5D53BF2C}.Release|x86.ActiveCfg = Release|Any CPU
		{5BE2C900-6397-4E15-82E7-8C2B5D53BF2C}.Release|x86.Build.0 = Release|Any CPU
		{9B4C7D79-6461-42C0-931F-0D0B5FBDD52B}.Debug|Any CPU.ActiveCfg = Debug|Any CPU
		{9B4C7D79-6461-42C0-931F-0D0B5FBDD52B}.Debug|Any CPU.Build.0 = Debug|Any CPU
		{9B4C7D79-6461-42C0-931F-0D0B5FBDD52B}.Debug|x64.ActiveCfg = Debug|Any CPU
		{9B4C7D79-6461-42C0-931F-0D0B5FBDD52B}.Debug|x64.Build.0 = Debug|Any CPU
		{9B4C7D79-6461-42C0-931F-0D0B5FBDD52B}.Debug|x86.ActiveCfg = Debug|Any CPU
		{9B4C7D79-6461-42C0-931F-0D0B5FBDD52B}.Debug|x86.Build.0 = Debug|Any CPU
		{9B4C7D79-6461-42C0-931F-0D0B5FBDD52B}.Release|Any CPU.ActiveCfg = Release|Any CPU
		{9B4C7D79-6461-42C0-931F-0D0B5FBDD52B}.Release|Any CPU.Build.0 = Release|Any CPU
		{9B4C7D79-6461-42C0-931F-0D0B5FBDD52B}.Release|x64.ActiveCfg = Release|Any CPU
		{9B4C7D79-6461-42C0-931F-0D0B5FBDD52B}.Release|x64.Build.0 = Release|Any CPU
		{9B4C7D79-6461-42C0-931F-0D0B5FBDD52B}.Release|x86.ActiveCfg = Release|Any CPU
		{9B4C7D79-6461-42C0-931F-0D0B5FBDD52B}.Release|x86.Build.0 = Release|Any CPU
	EndGlobalSection
	GlobalSection(SolutionProperties) = preSolution
		HideSolutionNode = FALSE
	EndGlobalSection
	GlobalSection(NestedProjects) = preSolution
		{45838E28-30FF-4ABE-9426-35C039635338} = {0AB3BF05-4346-4AA6-1389-037BE0695223}
		{084D28A6-F860-4A4A-ABE7-8F4C4B946132} = {827E0CD3-B72D-47B6-A68D-7590B98EB39B}
		{C9F2889E-B305-4DAD-B5E9-2307E7C60B71} = {827E0CD3-B72D-47B6-A68D-7590B98EB39B}
		{03BBBCF8-A56C-4FA6-A5AE-E3DA17AA2908} = {827E0CD3-B72D-47B6-A68D-7590B98EB39B}
		{A6BDF1CD-3EBE-4D94-A21D-EDF97D841675} = {827E0CD3-B72D-47B6-A68D-7590B98EB39B}
		{7E3918B5-CC37-4826-96B0-9A1AC2171016} = {827E0CD3-B72D-47B6-A68D-7590B98EB39B}
		{B380B706-8408-4D92-81F3-50BDEDD8B526} = {827E0CD3-B72D-47B6-A68D-7590B98EB39B}
		{5BE2C900-6397-4E15-82E7-8C2B5D53BF2C} = {827E0CD3-B72D-47B6-A68D-7590B98EB39B}
		{9B4C7D79-6461-42C0-931F-0D0B5FBDD52B} = {0AB3BF05-4346-4AA6-1389-037BE0695223}
	EndGlobalSection
EndGlobal
